
Microsoft Visual Studio Solution File, Format Version 12.00
# Visual Studio Version 16
VisualStudioVersion = 16.0.31321.278
MinimumVisualStudioVersion = 10.0.40219.1
Project("{FAE04EC0-301F-11D3-BF4B-00C04F79EFBC}") = "ExcelToPdf", "ExcelToPdf\ExcelToPdf.csproj", "{8C9A789C-BB10-4CC9-AC59-2D75EE8CCA95}"
EndProject
Global
	GlobalSection(SolutionConfigurationPlatforms) = preSolution
		Debug|Any CPU = Debug|Any CPU
		Release|Any CPU = Release|Any CPU
	EndGlobalSection
	GlobalSection(ProjectConfigurationPlatforms) = postSolution
		{8C9A789C-BB10-4CC9-AC59-2D75EE8CCA95}.Debug|Any CPU.ActiveCfg = Debug|Any CPU
		{8C9A789C-BB10-4CC9-AC59-2D75EE8CCA95}.Debug|Any CPU.Build.0 = Debug|Any CPU
		{8C9A789C-BB10-4CC9-AC59-2D75EE8CCA95}.Release|Any CPU.ActiveCfg = Release|Any CPU
		{8C9A789C-BB10-4CC9-AC59-2D75EE8CCA95}.Release|Any CPU.Build.0 = Release|Any CPU
	EndGlobalSection
	GlobalSection(SolutionProperties) = preSolution
		HideSolutionNode = FALSE
	EndGlobalSection
	GlobalSection(ExtensibilityGlobals) = postSolution
		SolutionGuid = {1A99F310-397E-48D1-AEE7-7C0B18309B4F}
	EndGlobalSection
EndGlobal
